
Microsoft Visual Studio Solution File, Format Version 12.00
# Visual Studio Version 17
VisualStudioVersion = 17.13.35828.75 d17.13
MinimumVisualStudioVersion = 10.0.40219.1
Project("{FAE04EC0-301F-11D3-BF4B-00C04F79EFBC}") = "RailwayBookingProject", "RailwayBookingProject\RailwayBookingProject.csproj", "{5A98972F-6323-4B22-9495-CAB9A01B8C9A}"
EndProject
Global
	GlobalSection(SolutionConfigurationPlatforms) = preSolution
		Debug|Any CPU = Debug|Any CPU
		Release|Any CPU = Release|Any CPU
	EndGlobalSection
	GlobalSection(ProjectConfigurationPlatforms) = postSolution
		{5A98972F-6323-4B22-9495-CAB9A01B8C9A}.Debug|Any CPU.ActiveCfg = Debug|Any CPU
		{5A98972F-6323-4B22-9495-CAB9A01B8C9A}.Debug|Any CPU.Build.0 = Debug|Any CPU
		{5A98972F-6323-4B22-9495-CAB9A01B8C9A}.Release|Any CPU.ActiveCfg = Release|Any CPU
		{5A98972F-6323-4B22-9495-CAB9A01B8C9A}.Release|Any CPU.Build.0 = Release|Any CPU
	EndGlobalSection
	GlobalSection(SolutionProperties) = preSolution
		HideSolutionNode = FALSE
	EndGlobalSection
	GlobalSection(ExtensibilityGlobals) = postSolution
		SolutionGuid = {27EBED4D-1AFD-40FB-A759-24A747A4C449}
	EndGlobalSection
EndGlobal
